
Microsoft Visual Studio Solution File, Format Version 12.00
# Visual Studio Version 17
VisualStudioVersion = 17.11.35222.181
MinimumVisualStudioVersion = 10.0.40219.1
Project("{FAE04EC0-301F-11D3-BF4B-00C04F79EFBC}") = "Inlämning1Tomaso", "Inlämning1Tomaso.csproj", "{DD735D0B-E171-4739-89FF-BC8EDC471107}"
EndProject
Global
	GlobalSection(SolutionConfigurationPlatforms) = preSolution
		Debug|Any CPU = Debug|Any CPU
		Release|Any CPU = Release|Any CPU
	EndGlobalSection
	GlobalSection(ProjectConfigurationPlatforms) = postSolution
		{DD735D0B-E171-4739-89FF-BC8EDC471107}.Debug|Any CPU.ActiveCfg = Debug|Any CPU
		{DD735D0B-E171-4739-89FF-BC8EDC471107}.Debug|Any CPU.Build.0 = Debug|Any CPU
		{DD735D0B-E171-4739-89FF-BC8EDC471107}.Release|Any CPU.ActiveCfg = Release|Any CPU
		{DD735D0B-E171-4739-89FF-BC8EDC471107}.Release|Any CPU.Build.0 = Release|Any CPU
	EndGlobalSection
	GlobalSection(SolutionProperties) = preSolution
		HideSolutionNode = FALSE
	EndGlobalSection
	GlobalSection(ExtensibilityGlobals) = postSolution
		SolutionGuid = {ED6BEE52-141B-493D-BCE1-177306F28C3B}
	EndGlobalSection
EndGlobal
